%{
  "abi": {:git, "https://github.com/tsutsu/ethereum_abi.git", "f0796f6f5c2e04ebbd5f9bdb8f87b919d5711087", [branch: "feature-parse-events-from-abi-specifications"]},
  "artificery": {:hex, :artificery, "0.4.3", "0bc4260f988dcb9dda4b23f9fc3c6c8b99a6220a331534fdf5bf2fd0d4333b02", [:mix], [], "hexpm", "12e95333a30e20884e937abdbefa3e7f5e05609c2ba8cf37b33f000b9ffc0504"},
  "avrora": {:hex, :avrora, "0.28.0", "579b960d4c4f0fe4a2a105f08693eb51d2e2c6745af98ede52e14adb34a7a1ab", [:mix], [{:erlavro, "~> 2.9.3", [hex: :erlavro, repo: "hexpm", optional: false]}, {:jason, "~> 1.0", [hex: :jason, repo: "hexpm", optional: false]}], "hexpm", "55d2972cb206a892492ba8929723636080cc55fda79996948afc53fd7a61003a"},
  "briefly": {:hex, :briefly, "0.5.1", "ee10d48da7f79ed2aebdc3e536d5f9a0c3e36ff76c0ad0d4254653a152b13a8a", [:mix], [], "hexpm", "bd684aa92ad8b7b4e0d92c31200993c4bc1469fc68cd6d5f15144041bd15cb57"},
  "broadway": {:hex, :broadway, "1.0.7", "7808f9e3eb6f53ca6d060f0f9d61012dd8feb0d7a82e62d087dd517b9b66fa53", [:mix], [{:gen_stage, "~> 1.0", [hex: :gen_stage, repo: "hexpm", optional: false]}, {:nimble_options, "~> 0.3.7 or ~> 0.4 or ~> 1.0", [hex: :nimble_options, repo: "hexpm", optional: false]}, {:telemetry, "~> 0.4.3 or ~> 1.0", [hex: :telemetry, repo: "hexpm", optional: false]}], "hexpm", "e76cfb0a7d64176c387b8b1ddbfb023e2ee8a63e92f43664d78e6d5d0b1177c6"},
  "bunt": {:hex, :bunt, "0.2.1", "e2d4792f7bc0ced7583ab54922808919518d0e57ee162901a16a1b6664ef3b14", [:mix], [], "hexpm", "a330bfb4245239787b15005e66ae6845c9cd524a288f0d141c148b02603777a5"},
  "castore": {:hex, :castore, "0.1.22", "4127549e411bedd012ca3a308dede574f43819fe9394254ca55ab4895abfa1a2", [:mix], [], "hexpm", "c17576df47eb5aa1ee40cc4134316a99f5cad3e215d5c77b8dd3cfef12a22cac"},
  "certifi": {:hex, :certifi, "2.13.0", "e52be248590050b2dd33b0bb274b56678f9068e67805dca8aa8b1ccdb016bbf6", [:rebar3], [], "hexpm", "8f3d9533a0f06070afdfd5d596b32e21c6580667a492891851b0e2737bc507a1"},
  "comeonin": {:hex, :comeonin, "5.3.3", "2c564dac95a35650e9b6acfe6d2952083d8a08e4a89b93a481acb552b325892e", [:mix], [], "hexpm", "3e38c9c2cb080828116597ca8807bb482618a315bfafd98c90bc22a821cc84df"},
  "confex": {:hex, :confex, "3.5.1", "c29ea741715de06afe6294ea2e127ee7a54382f2b33656b9ed7eedf3e7b6fcaf", [:mix], [], "hexpm", "c72824a267edc96c09a35f6556f48c139d00393dd1b726b18faeb8efee62c0b0"},
  "cors_plug": {:hex, :cors_plug, "3.0.3", "7c3ac52b39624bc616db2e937c282f3f623f25f8d550068b6710e58d04a0e330", [:mix], [{:plug, "~> 1.13", [hex: :plug, repo: "hexpm", optional: false]}], "hexpm", "3f2d759e8c272ed3835fab2ef11b46bddab8c1ab9528167bd463b6452edf830d"},
  "cowboy": {:hex, :cowboy, "2.12.0", "f276d521a1ff88b2b9b4c54d0e753da6c66dd7be6c9fca3d9418b561828a3731", [:make, :rebar3], [{:cowlib, "2.13.0", [hex: :cowlib, repo: "hexpm", optional: false]}, {:ranch, "1.8.0", [hex: :ranch, repo: "hexpm", optional: false]}], "hexpm", "8a7abe6d183372ceb21caa2709bec928ab2b72e18a3911aa1771639bef82651e"},
  "cowboy_telemetry": {:hex, :cowboy_telemetry, "0.4.0", "f239f68b588efa7707abce16a84d0d2acf3a0f50571f8bb7f56a15865aae820c", [:rebar3], [{:cowboy, "~> 2.7", [hex: :cowboy, repo: "hexpm", optional: false]}, {:telemetry, "~> 1.0", [hex: :telemetry, repo: "hexpm", optional: false]}], "hexpm", "7d98bac1ee4565d31b62d59f8823dfd8356a169e7fcbb83831b8a5397404c9de"},
  "cowlib": {:hex, :cowlib, "2.13.0", "db8f7505d8332d98ef50a3ef34b34c1afddec7506e4ee4dd4a3a266285d282ca", [:make, :rebar3], [], "hexpm", "e1e1284dc3fc030a64b1ad0d8382ae7e99da46c3246b815318a4b848873800a4"},
  "credo": {:hex, :credo, "1.7.7", "771445037228f763f9b2afd612b6aa2fd8e28432a95dbbc60d8e03ce71ba4446", [:mix], [{:bunt, "~> 0.2.1 or ~> 1.0", [hex: :bunt, repo: "hexpm", optional: false]}, {:file_system, "~> 0.2 or ~> 1.0", [hex: :file_system, repo: "hexpm", optional: false]}, {:jason, "~> 1.0", [hex: :jason, repo: "hexpm", optional: false]}], "hexpm", "8bc87496c9aaacdc3f90f01b7b0582467b69b4bd2441fe8aae3109d843cc2f2e"},
  "dialyxir": {:hex, :dialyxir, "1.4.3", "edd0124f358f0b9e95bfe53a9fcf806d615d8f838e2202a9f430d59566b6b53b", [:mix], [{:erlex, ">= 0.2.6", [hex: :erlex, repo: "hexpm", optional: false]}], "hexpm", "bf2cfb75cd5c5006bec30141b131663299c661a864ec7fbbc72dfa557487a986"},
  "distillery": {:hex, :distillery, "2.1.1", "f9332afc2eec8a1a2b86f22429e068ef35f84a93ea1718265e740d90dd367814", [:mix], [{:artificery, "~> 0.2", [hex: :artificery, repo: "hexpm", optional: false]}], "hexpm", "bbc7008b0161a6f130d8d903b5b3232351fccc9c31a991f8fcbf2a12ace22995"},
  "downstream": {:hex, :downstream, "1.1.0", "bdbc93b6dd1f54e716a586e217bb98fa74d4d52257424dcddf9531b8d2e8c41a", [:mix], [{:httpoison, "~> 1.5", [hex: :httpoison, repo: "hexpm", optional: false]}], "hexpm", "166a89e4f08563607545ca36f13a9e2fc41266f063eb92980cf44654a5484272"},
  "erlavro": {:hex, :erlavro, "2.9.10", "8435e24d390bdd400adecc670e7b1b3d037863fbbc6ba5afa1ad78926a5379e6", [:make, :rebar3], [{:jsone, "1.8.1", [hex: :jsone, repo: "hexpm", optional: false]}, {:snappyer, "1.2.9", [hex: :snappyer, repo: "hexpm", optional: false]}], "hexpm", "1a87b785b89b14db7300b6450c034c21cbf3001ca7b7067c93bb18e10bcd9e49"},
  "erlex": {:hex, :erlex, "0.2.6", "c7987d15e899c7a2f34f5420d2a2ea0d659682c06ac607572df55a43753aa12e", [:mix], [], "hexpm", "2ed2e25711feb44d52b17d2780eabf998452f6efda104877a3881c2f8c0c0c75"},
  "etfs": {:hex, :etfs, "0.2.0", "5dba0d765ef673af8ff8367aee1824b06f5ee4fb75ed34d88318f014ae9575ee", [:mix], [], "hexpm", "e80b8d667663e6894525fba9666b372e28a8e07866b242217dc0bab1abc46e07"},
  "ex_keccak": {:hex, :ex_keccak, "0.7.5", "f3b733173510d48ae9a1ea1de415e694b2651f35c787e63f33b5ed0013fbfd35", [:mix], [{:rustler, ">= 0.0.0", [hex: :rustler, repo: "hexpm", optional: true]}, {:rustler_precompiled, "~> 0.7", [hex: :rustler_precompiled, repo: "hexpm", optional: false]}], "hexpm", "8a5e1cb7f96fff5e480ff6a121477b90c4fd8c150984086dffd98819f5d83763"},
  "ex_rlp": {:hex, :ex_rlp, "0.6.0", "985391d2356a7cb8712a4a9a2deb93f19f2fbca0323f5c1203fcaf64d077e31e", [:mix], [], "hexpm", "7135db93b861d9e76821039b60b00a6a22d2c4e751bf8c444bffe7a042f1abaf"},
  "ex_secp256k1": {:hex, :ex_secp256k1, "0.7.3", "489b6fd57fab5a7259ace927d8cb5171aad835e9c7279c2a859a0483cb069415", [:mix], [{:rustler, ">= 0.0.0", [hex: :rustler, repo: "hexpm", optional: true]}, {:rustler_precompiled, "~> 0.7", [hex: :rustler_precompiled, repo: "hexpm", optional: false]}], "hexpm", "ea63159442f4d8143166cd1507da03edc43216d6e7c6bac4b416bdce04f0daa8"},
  "excoveralls": {:hex, :excoveralls, "0.16.1", "0bd42ed05c7d2f4d180331a20113ec537be509da31fed5c8f7047ce59ee5a7c5", [:mix], [{:hackney, "~> 1.16", [hex: :hackney, repo: "hexpm", optional: false]}, {:jason, "~> 1.0", [hex: :jason, repo: "hexpm", optional: false]}], "hexpm", "dae763468e2008cf7075a64cb1249c97cb4bc71e236c5c2b5e5cdf1cfa2bf138"},
  "expo": {:hex, :expo, "0.5.1", "249e826a897cac48f591deba863b26c16682b43711dd15ee86b92f25eafd96d9", [:mix], [], "hexpm", "68a4233b0658a3d12ee00d27d37d856b1ba48607e7ce20fd376958d0ba6ce92b"},
  "file_system": {:hex, :file_system, "0.2.10", "fb082005a9cd1711c05b5248710f8826b02d7d1784e7c3451f9c1231d4fc162d", [:mix], [], "hexpm", "41195edbfb562a593726eda3b3e8b103a309b733ad25f3d642ba49696bf715dc"},
  "finch": {:hex, :finch, "0.18.0", "944ac7d34d0bd2ac8998f79f7a811b21d87d911e77a786bc5810adb75632ada4", [:mix], [{:castore, "~> 0.1 or ~> 1.0", [hex: :castore, repo: "hexpm", optional: false]}, {:mime, "~> 1.0 or ~> 2.0", [hex: :mime, repo: "hexpm", optional: false]}, {:mint, "~> 1.3", [hex: :mint, repo: "hexpm", optional: false]}, {:nimble_options, "~> 0.4 or ~> 1.0", [hex: :nimble_options, repo: "hexpm", optional: false]}, {:nimble_pool, "~> 0.2.6 or ~> 1.0", [hex: :nimble_pool, repo: "hexpm", optional: false]}, {:telemetry, "~> 0.4 or ~> 1.0", [hex: :telemetry, repo: "hexpm", optional: false]}], "hexpm", "69f5045b042e531e53edc2574f15e25e735b522c37e2ddb766e15b979e03aa65"},
  "gen_stage": {:hex, :gen_stage, "1.2.1", "19d8b5e9a5996d813b8245338a28246307fd8b9c99d1237de199d21efc4c76a1", [:mix], [], "hexpm", "83e8be657fa05b992ffa6ac1e3af6d57aa50aace8f691fcf696ff02f8335b001"},
  "gettext": {:hex, :gettext, "0.24.0", "6f4d90ac5f3111673cbefc4ebee96fe5f37a114861ab8c7b7d5b30a1108ce6d8", [:mix], [{:expo, "~> 0.5.1", [hex: :expo, repo: "hexpm", optional: false]}], "hexpm", "bdf75cdfcbe9e4622dd18e034b227d77dd17f0f133853a1c73b97b3d6c770e8b"},
  "hackney": {:hex, :hackney, "1.18.1", "f48bf88f521f2a229fc7bae88cf4f85adc9cd9bcf23b5dc8eb6a1788c662c4f6", [:rebar3], [{:certifi, "~> 2.9.0", [hex: :certifi, repo: "hexpm", optional: false]}, {:idna, "~> 6.1.0", [hex: :idna, repo: "hexpm", optional: false]}, {:metrics, "~> 1.0.0", [hex: :metrics, repo: "hexpm", optional: false]}, {:mimerl, "~> 1.1", [hex: :mimerl, repo: "hexpm", optional: false]}, {:parse_trans, "3.3.1", [hex: :parse_trans, repo: "hexpm", optional: false]}, {:ssl_verify_fun, "~> 1.1.0", [hex: :ssl_verify_fun, repo: "hexpm", optional: false]}, {:unicode_util_compat, "~> 0.7.0", [hex: :unicode_util_compat, repo: "hexpm", optional: false]}], "hexpm", "a4ecdaff44297e9b5894ae499e9a070ea1888c84afdd1fd9b7b2bc384950128e"},
  "hpax": {:hex, :hpax, "0.1.2", "09a75600d9d8bbd064cdd741f21fc06fc1f4cf3d0fcc335e5aa19be1a7235c84", [:mix], [], "hexpm", "2c87843d5a23f5f16748ebe77969880e29809580efdaccd615cd3bed628a8c13"},
  "httpoison": {:hex, :httpoison, "1.8.2", "9eb9c63ae289296a544842ef816a85d881d4a31f518a0fec089aaa744beae290", [:mix], [{:hackney, "~> 1.17", [hex: :hackney, repo: "hexpm", optional: false]}], "hexpm", "2bb350d26972e30c96e2ca74a1aaf8293d61d0742ff17f01e0279fef11599921"},
  "idna": {:hex, :idna, "6.1.1", "8a63070e9f7d0c62eb9d9fcb360a7de382448200fbbd1b106cc96d3d8099df8d", [:rebar3], [{:unicode_util_compat, "~> 0.7.0", [hex: :unicode_util_compat, repo: "hexpm", optional: false]}], "hexpm", "92376eb7894412ed19ac475e4a86f7b413c1b9fbb5bd16dccd57934157944cea"},
  "jason": {:hex, :jason, "1.4.4", "b9226785a9aa77b6857ca22832cffa5d5011a667207eb2a0ad56adb5db443b8a", [:mix], [{:decimal, "~> 1.0 or ~> 2.0", [hex: :decimal, repo: "hexpm", optional: true]}], "hexpm", "c5eb0cab91f094599f94d55bc63409236a8ec69a21a67814529e8d5f6cc90b3b"},
  "jsone": {:hex, :jsone, "1.8.1", "6bc74d3863d55d420077346da97c601711017a057f2fd1df65d6d65dd562fbab", [:rebar3], [], "hexpm", "c78918124148c51a7a84c678e39bbc6281f8cb582f1d88584628a98468e99738"},
  "logger_file_backend": {:hex, :logger_file_backend, "0.0.14", "774bb661f1c3fed51b624d2859180c01e386eb1273dc22de4f4a155ef749a602", [:mix], [], "hexpm", "071354a18196468f3904ef09413af20971d55164267427f6257b52cfba03f9e6"},
  "metrics": {:hex, :metrics, "1.0.1", "25f094dea2cda98213cecc3aeff09e940299d950904393b2a29d191c346a8486", [:rebar3], [], "hexpm", "69b09adddc4f74a40716ae54d140f93beb0fb8978d8636eaded0c31b6f099f16"},
  "mime": {:hex, :mime, "2.0.5", "dc34c8efd439abe6ae0343edbb8556f4d63f178594894720607772a041b04b02", [:mix], [], "hexpm", "da0d64a365c45bc9935cc5c8a7fc5e49a0e0f9932a761c55d6c52b142780a05c"},
  "mimerl": {:hex, :mimerl, "1.2.0", "67e2d3f571088d5cfd3e550c383094b47159f3eee8ffa08e64106cdf5e981be3", [:rebar3], [], "hexpm", "f278585650aa581986264638ebf698f8bb19df297f66ad91b18910dfc6e19323"},
  "mint": {:hex, :mint, "1.5.2", "4805e059f96028948870d23d7783613b7e6b0e2fb4e98d720383852a760067fd", [:mix], [{:castore, "~> 0.1.0 or ~> 1.0", [hex: :castore, repo: "hexpm", optional: true]}, {:hpax, "~> 0.1.1", [hex: :hpax, repo: "hexpm", optional: false]}], "hexpm", "d77d9e9ce4eb35941907f1d3df38d8f750c357865353e21d335bdcdf6d892a02"},
  "mnemonic": {:hex, :mnemonic, "0.3.1", "35da1f5161ecfe1dd068e6e3fa50d93cc5cd7873ef937ae1880d6c71ca509337", [:mix], [{:pbkdf2_elixir, "2.0.0", [hex: :pbkdf2_elixir, repo: "hexpm", optional: false]}], "hexpm", "1681c9be68162742c91228fc406c1f5c34e8474ae0c1e952aaf8fb81efb1ebca"},
  "multipart": {:hex, :multipart, "0.4.0", "634880a2148d4555d050963373d0e3bbb44a55b2badd87fa8623166172e9cda0", [:mix], [{:mime, "~> 1.2 or ~> 2.0", [hex: :mime, repo: "hexpm", optional: false]}], "hexpm", "3c5604bc2fb17b3137e5d2abdf5dacc2647e60c5cc6634b102cf1aef75a06f0a"},
  "nimble_options": {:hex, :nimble_options, "1.1.0", "3b31a57ede9cb1502071fade751ab0c7b8dbe75a9a4c2b5bbb0943a690b63172", [:mix], [], "hexpm", "8bbbb3941af3ca9acc7835f5655ea062111c9c27bcac53e004460dfd19008a99"},
  "nimble_pool": {:hex, :nimble_pool, "1.0.0", "5eb82705d138f4dd4423f69ceb19ac667b3b492ae570c9f5c900bb3d2f50a847", [:mix], [], "hexpm", "80be3b882d2d351882256087078e1b1952a28bf98d0a287be87e4a24a710b67a"},
  "off_broadway_redis": {:hex, :off_broadway_redis, "0.4.3", "e45564bc2e3269771e8d941cae1583536ebd0900d1ff7dfa64559c97b4ae9b04", [:mix], [{:broadway, "~> 0.6.2", [hex: :broadway, repo: "hexpm", optional: false]}, {:redix, ">= 0.11.1 and < 1.1.0", [hex: :redix, repo: "hexpm", optional: false]}], "hexpm", "74a79519f3a1f5bf92130c361f240b9dad076276d84f0785b5eaa62048055daf"},
  "parse_trans": {:hex, :parse_trans, "3.3.1", "16328ab840cc09919bd10dab29e431da3af9e9e7e7e6f0089dd5a2d2820011d8", [:rebar3], [], "hexpm", "07cd9577885f56362d414e8c4c4e6bdf10d43a8767abb92d24cbe8b24c54888b"},
  "pbkdf2_elixir": {:hex, :pbkdf2_elixir, "2.0.0", "fa10cf0a61e263e5bdcd6353d96cdd1f4c593fd0f8d734ba8f3e048832fd5f06", [:mix], [{:comeonin, "~> 5.3", [hex: :comeonin, repo: "hexpm", optional: false]}], "hexpm", "a9bcb808583e63893d42a843669c0e9cdcc9183053b9984582281a8947393086"},
  "phoenix": {:hex, :phoenix, "1.4.18", "3f586505ae17bdcfd044572b59c9a3be2761bb67e1d7c97cc5046ff750e0831a", [:mix], [{:jason, "~> 1.0", [hex: :jason, repo: "hexpm", optional: true]}, {:phoenix_pubsub, "~> 1.1", [hex: :phoenix_pubsub, repo: "hexpm", optional: false]}, {:plug, "~> 1.8.1 or ~> 1.9", [hex: :plug, repo: "hexpm", optional: false]}, {:plug_cowboy, "~> 1.0 or ~> 2.0", [hex: :plug_cowboy, repo: "hexpm", optional: true]}, {:telemetry, "~> 0.4", [hex: :telemetry, repo: "hexpm", optional: false]}], "hexpm", "13844c7aeff41df88ca1313dafdc9603b2b2e689d8b72f77a3dcaef6c2b6463c"},
  "phoenix_pubsub": {:hex, :phoenix_pubsub, "1.1.2", "496c303bdf1b2e98a9d26e89af5bba3ab487ba3a3735f74bf1f4064d2a845a3e", [:mix], [], "hexpm", "1f13f9f0f3e769a667a6b6828d29dec37497a082d195cc52dbef401a9b69bf38"},
  "plug": {:hex, :plug, "1.16.0", "1d07d50cb9bb05097fdf187b31cf087c7297aafc3fed8299aac79c128a707e47", [:mix], [{:mime, "~> 1.0 or ~> 2.0", [hex: :mime, repo: "hexpm", optional: false]}, {:plug_crypto, "~> 1.1.1 or ~> 1.2 or ~> 2.0", [hex: :plug_crypto, repo: "hexpm", optional: false]}, {:telemetry, "~> 0.4.3 or ~> 1.0", [hex: :telemetry, repo: "hexpm", optional: false]}], "hexpm", "cbf53aa1f5c4d758a7559c0bd6d59e286c2be0c6a1fac8cc3eee2f638243b93e"},
  "plug_cowboy": {:hex, :plug_cowboy, "2.7.1", "87677ffe3b765bc96a89be7960f81703223fe2e21efa42c125fcd0127dd9d6b2", [:mix], [{:cowboy, "~> 2.7", [hex: :cowboy, repo: "hexpm", optional: false]}, {:cowboy_telemetry, "~> 0.3", [hex: :cowboy_telemetry, repo: "hexpm", optional: false]}, {:plug, "~> 1.14", [hex: :plug, repo: "hexpm", optional: false]}], "hexpm", "02dbd5f9ab571b864ae39418db7811618506256f6d13b4a45037e5fe78dc5de3"},
  "plug_crypto": {:hex, :plug_crypto, "2.1.0", "f44309c2b06d249c27c8d3f65cfe08158ade08418cf540fd4f72d4d6863abb7b", [:mix], [], "hexpm", "131216a4b030b8f8ce0f26038bc4421ae60e4bb95c5cf5395e1421437824c4fa"},
  "poison": {:hex, :poison, "6.0.0", "9bbe86722355e36ffb62c51a552719534257ba53f3271dacd20fbbd6621a583a", [:mix], [{:decimal, "~> 2.1", [hex: :decimal, repo: "hexpm", optional: true]}], "hexpm", "bb9064632b94775a3964642d6a78281c07b7be1319e0016e1643790704e739a2"},
  "poolboy": {:hex, :poolboy, "1.5.2", "392b007a1693a64540cead79830443abf5762f5d30cf50bc95cb2c1aaafa006b", [:rebar3], [], "hexpm", "dad79704ce5440f3d5a3681c8590b9dc25d1a561e8f5a9c995281012860901e3"},
  "ranch": {:hex, :ranch, "2.1.0", "2261f9ed9574dcfcc444106b9f6da155e6e540b2f82ba3d42b339b93673b72a3", [:make, :rebar3], [], "hexpm", "244ee3fa2a6175270d8e1fc59024fd9dbc76294a321057de8f803b1479e76916"},
  "redix": {:hex, :redix, "1.0.0", "4f310341744ffceab3031394450a4e603d4d1001a697c3f18ae57ae776cbd3fb", [:mix], [{:castore, "~> 0.1.0", [hex: :castore, repo: "hexpm", optional: true]}, {:telemetry, "~> 0.4.0", [hex: :telemetry, repo: "hexpm", optional: false]}], "hexpm", "8c8d9b33b5491737adcd5bb9e0f43b85212a384ac0042f64c156113518266ecb"},
  "rustler": {:hex, :rustler, "0.33.0", "4a5b0a7a7b0b51549bea49947beff6fae9bc5d5326104dcd4531261e876b5619", [:mix], [{:jason, "~> 1.0", [hex: :jason, repo: "hexpm", optional: false]}, {:toml, "~> 0.6", [hex: :toml, repo: "hexpm", optional: false]}], "hexpm", "7c4752728fee59a815ffd20c3429c55b644041f25129b29cdeb5c470b80ec5fd"},
  "rustler_precompiled": {:hex, :rustler_precompiled, "0.7.1", "ecadf02cc59a0eccbaed6c1937303a5827fbcf60010c541595e6d3747d3d0f9f", [:mix], [{:castore, "~> 0.1 or ~> 1.0", [hex: :castore, repo: "hexpm", optional: false]}, {:rustler, "~> 0.23", [hex: :rustler, repo: "hexpm", optional: true]}], "hexpm", "b9e4657b99a1483ea31502e1d58c464bedebe9028808eda45c3a429af4550c66"},
  "snappyer": {:hex, :snappyer, "1.2.9", "9cc58470798648ce34c662ca0aa6daae31367667714c9a543384430a3586e5d3", [:rebar3], [], "hexpm", "18d00ca218ae613416e6eecafe1078db86342a66f86277bd45c95f05bf1c8b29"},
  "ssl_verify_fun": {:hex, :ssl_verify_fun, "1.1.7", "354c321cf377240c7b8716899e182ce4890c5938111a1296add3ec74cf1715df", [:make, :mix, :rebar3], [], "hexpm", "fe4c190e8f37401d30167c8c405eda19469f34577987c76dde613e838bbc67f8"},
  "telemetry": {:hex, :telemetry, "1.2.1", "68fdfe8d8f05a8428483a97d7aab2f268aaff24b49e0f599faa091f1d4e7f61c", [:rebar3], [], "hexpm", "dad9ce9d8effc621708f99eac538ef1cbe05d6a874dd741de2e689c47feafed5"},
  "telemetry_metrics": {:hex, :telemetry_metrics, "0.3.1", "799e7a3e40ebe740df265346dd1f5ff3e3c3e285f1436cd51fc8ac3b2bb7a772", [:mix], [{:telemetry, "~> 0.4", [hex: :telemetry, repo: "hexpm", optional: false]}], "hexpm", "2a1e01e752d9fd2afa70c8de4b0309535d8071a34ae329e4d68980a9bd694bfa"},
  "telemetry_metrics_prometheus": {:hex, :telemetry_metrics_prometheus, "0.3.1", "ee4304aafb8fa34bc54186707b0f882030b762d4a8d393af1eccd12c2eca104b", [:mix], [{:plug_cowboy, "~> 2.1", [hex: :plug_cowboy, repo: "hexpm", optional: false]}, {:telemetry_metrics_prometheus_core, "~> 0.2", [hex: :telemetry_metrics_prometheus_core, repo: "hexpm", optional: false]}], "hexpm", "e067bd280ae8d5ce82cc02515c5a6e201a7dd7939542a409d9ed63fb3d60f10c"},
  "telemetry_metrics_prometheus_core": {:hex, :telemetry_metrics_prometheus_core, "0.2.2", "c75a99f68a03dd2a4061cd333e3c4728971fada798c2e096f6bca067e15b402c", [:mix], [{:telemetry, "~> 0.4", [hex: :telemetry, repo: "hexpm", optional: false]}, {:telemetry_metrics, "~> 0.3", [hex: :telemetry_metrics, repo: "hexpm", optional: false]}], "hexpm", "02c1f738cd0b5c75148daecb28282ccabb806a49b717df88935a48502bb257d6"},
  "toml": {:hex, :toml, "0.7.0", "fbcd773caa937d0c7a02c301a1feea25612720ac3fa1ccb8bfd9d30d822911de", [:mix], [], "hexpm", "0690246a2478c1defd100b0c9b89b4ea280a22be9a7b313a8a058a2408a2fa70"},
  "unicode_util_compat": {:hex, :unicode_util_compat, "0.7.0", "bc84380c9ab48177092f43ac89e4dfa2c6d62b40b8bd132b1059ecc7232f9a78", [:rebar3], [], "hexpm", "25eee6d67df61960cf6a794239566599b09e17e668d3700247bc498638152521"},
  "websockex": {:hex, :websockex, "0.4.3", "92b7905769c79c6480c02daacaca2ddd49de936d912976a4d3c923723b647bf0", [:mix], [], "hexpm", "95f2e7072b85a3a4cc385602d42115b73ce0b74a9121d0d6dbbf557645ac53e4"},
}
